
Microsoft Visual Studio Solution File, Format Version 12.00
# Visual Studio Version 17
VisualStudioVersion = 17.0.31903.59
MinimumVisualStudioVersion = 10.0.40219.1
Project("{FAE04EC0-301F-11D3-BF4B-00C04F79EFBC}") = "OOP.CardDeck", "OOP.CardDeck.csproj", "{7E7A7120-D08C-48D2-8A2D-592BCE314E76}"
EndProject
Global
	GlobalSection(SolutionConfigurationPlatforms) = preSolution
		Debug|Any CPU = Debug|Any CPU
		Release|Any CPU = Release|Any CPU
	EndGlobalSection
	GlobalSection(ProjectConfigurationPlatforms) = postSolution
		{7E7A7120-D08C-48D2-8A2D-592BCE314E76}.Debug|Any CPU.ActiveCfg = Debug|Any CPU
		{7E7A7120-D08C-48D2-8A2D-592BCE314E76}.Debug|Any CPU.Build.0 = Debug|Any CPU
		{7E7A7120-D08C-48D2-8A2D-592BCE314E76}.Release|Any CPU.ActiveCfg = Release|Any CPU
		{7E7A7120-D08C-48D2-8A2D-592BCE314E76}.Release|Any CPU.Build.0 = Release|Any CPU
	EndGlobalSection
	GlobalSection(SolutionProperties) = preSolution
		HideSolutionNode = FALSE
	EndGlobalSection
	GlobalSection(ExtensibilityGlobals) = postSolution
		SolutionGuid = {0B38795A-E852-4458-A953-21B34F514B90}
	EndGlobalSection
EndGlobal
