
Microsoft Visual Studio Solution File, Format Version 12.00
Project("{FAE04EC0-301F-11D3-BF4B-00C04F79EFBC}") = "LINQ.SearchPerpetrator", "LINQ.SearchPerpetrator\LINQ.SearchPerpetrator.csproj", "{A83624F7-F7A3-4C7C-A502-D64724C6852E}"
EndProject
Global
	GlobalSection(SolutionConfigurationPlatforms) = preSolution
		Debug|Any CPU = Debug|Any CPU
		Release|Any CPU = Release|Any CPU
	EndGlobalSection
	GlobalSection(ProjectConfigurationPlatforms) = postSolution
		{A83624F7-F7A3-4C7C-A502-D64724C6852E}.Debug|Any CPU.ActiveCfg = Debug|Any CPU
		{A83624F7-F7A3-4C7C-A502-D64724C6852E}.Debug|Any CPU.Build.0 = Debug|Any CPU
		{A83624F7-F7A3-4C7C-A502-D64724C6852E}.Release|Any CPU.ActiveCfg = Release|Any CPU
		{A83624F7-F7A3-4C7C-A502-D64724C6852E}.Release|Any CPU.Build.0 = Release|Any CPU
	EndGlobalSection
EndGlobal
