
Microsoft Visual Studio Solution File, Format Version 12.00
Project("{FAE04EC0-301F-11D3-BF4B-00C04F79EFBC}") = "LINQ.SpoiledStew", "LINQ.SpoiledStew.csproj", "{F77E3BD4-B610-46EB-A0FB-5DB59C7DCD57}"
EndProject
Global
	GlobalSection(SolutionConfigurationPlatforms) = preSolution
		Debug|Any CPU = Debug|Any CPU
		Release|Any CPU = Release|Any CPU
	EndGlobalSection
	GlobalSection(ProjectConfigurationPlatforms) = postSolution
		{F77E3BD4-B610-46EB-A0FB-5DB59C7DCD57}.Debug|Any CPU.ActiveCfg = Debug|Any CPU
		{F77E3BD4-B610-46EB-A0FB-5DB59C7DCD57}.Debug|Any CPU.Build.0 = Debug|Any CPU
		{F77E3BD4-B610-46EB-A0FB-5DB59C7DCD57}.Release|Any CPU.ActiveCfg = Release|Any CPU
		{F77E3BD4-B610-46EB-A0FB-5DB59C7DCD57}.Release|Any CPU.Build.0 = Release|Any CPU
	EndGlobalSection
EndGlobal
