
Microsoft Visual Studio Solution File, Format Version 12.00
# Visual Studio Version 17
VisualStudioVersion = 17.0.31903.59
MinimumVisualStudioVersion = 10.0.40219.1
Project("{FAE04EC0-301F-11D3-BF4B-00C04F79EFBC}") = "OOP.Fight", "OOP.Fight.csproj", "{E765DCC3-0F5B-4511-A441-844D3482D76B}"
EndProject
Global
	GlobalSection(SolutionConfigurationPlatforms) = preSolution
		Debug|Any CPU = Debug|Any CPU
		Release|Any CPU = Release|Any CPU
	EndGlobalSection
	GlobalSection(ProjectConfigurationPlatforms) = postSolution
		{E765DCC3-0F5B-4511-A441-844D3482D76B}.Debug|Any CPU.ActiveCfg = Debug|Any CPU
		{E765DCC3-0F5B-4511-A441-844D3482D76B}.Debug|Any CPU.Build.0 = Debug|Any CPU
		{E765DCC3-0F5B-4511-A441-844D3482D76B}.Release|Any CPU.ActiveCfg = Release|Any CPU
		{E765DCC3-0F5B-4511-A441-844D3482D76B}.Release|Any CPU.Build.0 = Release|Any CPU
	EndGlobalSection
	GlobalSection(SolutionProperties) = preSolution
		HideSolutionNode = FALSE
	EndGlobalSection
	GlobalSection(ExtensibilityGlobals) = postSolution
		SolutionGuid = {65D19091-9DC6-436A-8816-75092B77AD0E}
	EndGlobalSection
EndGlobal
